// !$*UTF8*$!
{
	archiveVersion = 1;
	classes = {
	};
	objectVersion = 45;
	objects = {

/* Begin PBXBuildFile section */
		8DD76F9A0486AA7600D96B5E /* main.m in Sources */ = {isa = PBXBuildFile; fileRef = 08FB7796FE84155DC02AAC07 /* main.m */; settings = {ATTRIBUTES = (); }; };
		8DD76F9C0486AA7600D96B5E /* Foundation.framework in Frameworks */ = {isa = PBXBuildFile; fileRef = 08FB779EFE84155DC02AAC07 /* Foundation.framework */; };
		8DD76F9F0486AA7600D96B5E /* pdfrasterize.1 in CopyFiles */ = {isa = PBXBuildFile; fileRef = C6859EA3029092ED04C91782 /* pdfrasterize.1 */; };
		DACA94FD10D62D530084678C /* PDFRasterize.m in Sources */ = {isa = PBXBuildFile; fileRef = DACA94FB10D62D530084678C /* PDFRasterize.m */; };
		DACA951010D62DB10084678C /* libddcli.a in Frameworks */ = {isa = PBXBuildFile; fileRef = DACA94D210D62C7B0084678C /* libddcli.a */; };
/* End PBXBuildFile section */

/* Begin PBXContainerItemProxy section */
		DACA94CD10D62C7B0084678C /* PBXContainerItemProxy */ = {
			isa = PBXContainerItemProxy;
			containerPortal = DACA94C110D62C7B0084678C /* ddcli.xcodeproj */;
			proxyType = 2;
			remoteGlobalIDString = 8DD76FA10486AA7600D96B5E;
			remoteInfo = example;
		};
		DACA94CF10D62C7B0084678C /* PBXContainerItemProxy */ = {
			isa = PBXContainerItemProxy;
			containerPortal = DACA94C110D62C7B0084678C /* ddcli.xcodeproj */;
			proxyType = 2;
			remoteGlobalIDString = 55CCE9760C1380C900FA06C6;
			remoteInfo = simple;
		};
		DACA94D110D62C7B0084678C /* PBXContainerItemProxy */ = {
			isa = PBXContainerItemProxy;
			containerPortal = DACA94C110D62C7B0084678C /* ddcli.xcodeproj */;
			proxyType = 2;
			remoteGlobalIDString = 55CCE92E0C137F7D00FA06C6;
			remoteInfo = ddcli;
		};
		DACA94D310D62C8D0084678C /* PBXContainerItemProxy */ = {
			isa = PBXContainerItemProxy;
			containerPortal = DACA94C110D62C7B0084678C /* ddcli.xcodeproj */;
			proxyType = 1;
			remoteGlobalIDString = 55CCE92D0C137F7D00FA06C6;
			remoteInfo = ddcli;
		};
/* End PBXContainerItemProxy section */

/* Begin PBXCopyFilesBuildPhase section */
		8DD76F9E0486AA7600D96B5E /* CopyFiles */ = {
			isa = PBXCopyFilesBuildPhase;
			buildActionMask = 8;
			dstPath = /usr/share/man/man1/;
			dstSubfolderSpec = 0;
			files = (
				8DD76F9F0486AA7600D96B5E /* pdfrasterize.1 in CopyFiles */,
			);
			runOnlyForDeploymentPostprocessing = 1;
		};
/* End PBXCopyFilesBuildPhase section */

/* Begin PBXFileReference section */
		08FB7796FE84155DC02AAC07 /* main.m */ = {isa = PBXFileReference; fileEncoding = 4; lastKnownFileType = sourcecode.c.objc; path = main.m; sourceTree = "<group>"; };
		08FB779EFE84155DC02AAC07 /* Foundation.framework */ = {isa = PBXFileReference; lastKnownFileType = wrapper.framework; name = Foundation.framework; path = /System/Library/Frameworks/Foundation.framework; sourceTree = "<absolute>"; };
		32A70AAB03705E1F00C91783 /* pdfrasterize_Prefix.pch */ = {isa = PBXFileReference; fileEncoding = 4; lastKnownFileType = sourcecode.c.h; path = pdfrasterize_Prefix.pch; sourceTree = "<group>"; };
		8DD76FA10486AA7600D96B5E /* pdfrasterize */ = {isa = PBXFileReference; explicitFileType = "compiled.mach-o.executable"; includeInIndex = 0; path = pdfrasterize; sourceTree = BUILT_PRODUCTS_DIR; };
		C6859EA3029092ED04C91782 /* pdfrasterize.1 */ = {isa = PBXFileReference; lastKnownFileType = text.man; path = pdfrasterize.1; sourceTree = "<group>"; };
		DACA94C110D62C7B0084678C /* ddcli.xcodeproj */ = {isa = PBXFileReference; lastKnownFileType = "wrapper.pb-project"; name = ddcli.xcodeproj; path = "ddcli-1.0/ddcli.xcodeproj"; sourceTree = "<group>"; };
		DACA94FB10D62D530084678C /* PDFRasterize.m */ = {isa = PBXFileReference; fileEncoding = 4; lastKnownFileType = sourcecode.c.objc; path = PDFRasterize.m; sourceTree = "<group>"; };
		DACA94FC10D62D530084678C /* PDFRasterize.h */ = {isa = PBXFileReference; fileEncoding = 4; lastKnownFileType = sourcecode.c.h; path = PDFRasterize.h; sourceTree = "<group>"; };
/* End PBXFileReference section */

/* Begin PBXFrameworksBuildPhase section */
		8DD76F9B0486AA7600D96B5E /* Frameworks */ = {
			isa = PBXFrameworksBuildPhase;
			buildActionMask = 2147483647;
			files = (
				DACA951010D62DB10084678C /* libddcli.a in Frameworks */,
				8DD76F9C0486AA7600D96B5E /* Foundation.framework in Frameworks */,
			);
			runOnlyForDeploymentPostprocessing = 0;
		};
/* End PBXFrameworksBuildPhase section */

/* Begin PBXGroup section */
		08FB7794FE84155DC02AAC07 /* pdfrasterize */ = {
			isa = PBXGroup;
			children = (
				DACA94C110D62C7B0084678C /* ddcli.xcodeproj */,
				08FB7795FE84155DC02AAC07 /* Source */,
				C6859EA2029092E104C91782 /* Documentation */,
				08FB779DFE84155DC02AAC07 /* External Frameworks and Libraries */,
				1AB674ADFE9D54B511CA2CBB /* Products */,
			);
			name = pdfrasterize;
			sourceTree = "<group>";
		};
		08FB7795FE84155DC02AAC07 /* Source */ = {
			isa = PBXGroup;
			children = (
				32A70AAB03705E1F00C91783 /* pdfrasterize_Prefix.pch */,
				08FB7796FE84155DC02AAC07 /* main.m */,
				DACA94FC10D62D530084678C /* PDFRasterize.h */,
				DACA94FB10D62D530084678C /* PDFRasterize.m */,
			);
			name = Source;
			sourceTree = "<group>";
		};
		08FB779DFE84155DC02AAC07 /* External Frameworks and Libraries */ = {
			isa = PBXGroup;
			children = (
				08FB779EFE84155DC02AAC07 /* Foundation.framework */,
			);
			name = "External Frameworks and Libraries";
			sourceTree = "<group>";
		};
		1AB674ADFE9D54B511CA2CBB /* Products */ = {
			isa = PBXGroup;
			children = (
				8DD76FA10486AA7600D96B5E /* pdfrasterize */,
			);
			name = Products;
			sourceTree = "<group>";
		};
		C6859EA2029092E104C91782 /* Documentation */ = {
			isa = PBXGroup;
			children = (
				C6859EA3029092ED04C91782 /* pdfrasterize.1 */,
			);
			name = Documentation;
			sourceTree = "<group>";
		};
		DACA94C210D62C7B0084678C /* Products */ = {
			isa = PBXGroup;
			children = (
				DACA94CE10D62C7B0084678C /* example */,
				DACA94D010D62C7B0084678C /* simple */,
				DACA94D210D62C7B0084678C /* libddcli.a */,
			);
			name = Products;
			sourceTree = "<group>";
		};
/* End PBXGroup section */

/* Begin PBXNativeTarget section */
		8DD76F960486AA7600D96B5E /* pdfrasterize */ = {
			isa = PBXNativeTarget;
			buildConfigurationList = 1DEB927408733DD40010E9CD /* Build configuration list for PBXNativeTarget "pdfrasterize" */;
			buildPhases = (
				8DD76F990486AA7600D96B5E /* Sources */,
				8DD76F9B0486AA7600D96B5E /* Frameworks */,
				8DD76F9E0486AA7600D96B5E /* CopyFiles */,
			);
			buildRules = (
			);
			dependencies = (
				DACA94D410D62C8D0084678C /* PBXTargetDependency */,
			);
			name = pdfrasterize;
			productInstallPath = "$(HOME)/bin";
			productName = pdfrasterize;
			productReference = 8DD76FA10486AA7600D96B5E /* pdfrasterize */;
			productType = "com.apple.product-type.tool";
		};
/* End PBXNativeTarget section */

/* Begin PBXProject section */
		08FB7793FE84155DC02AAC07 /* Project object */ = {
			isa = PBXProject;
			buildConfigurationList = 1DEB927808733DD40010E9CD /* Build configuration list for PBXProject "pdfrasterize" */;
			compatibilityVersion = "Xcode 3.1";
			hasScannedForEncodings = 1;
			mainGroup = 08FB7794FE84155DC02AAC07 /* pdfrasterize */;
			projectDirPath = "";
			projectReferences = (
				{
					ProductGroup = DACA94C210D62C7B0084678C /* Products */;
					ProjectRef = DACA94C110D62C7B0084678C /* ddcli.xcodeproj */;
				},
			);
			projectRoot = "";
			targets = (
				8DD76F960486AA7600D96B5E /* pdfrasterize */,
			);
		};
/* End PBXProject section */

/* Begin PBXReferenceProxy section */
		DACA94CE10D62C7B0084678C /* example */ = {
			isa = PBXReferenceProxy;
			fileType = "compiled.mach-o.executable";
			path = example;
			remoteRef = DACA94CD10D62C7B0084678C /* PBXContainerItemProxy */;
			sourceTree = BUILT_PRODUCTS_DIR;
		};
		DACA94D010D62C7B0084678C /* simple */ = {
			isa = PBXReferenceProxy;
			fileType = "compiled.mach-o.executable";
			path = simple;
			remoteRef = DACA94CF10D62C7B0084678C /* PBXContainerItemProxy */;
			sourceTree = BUILT_PRODUCTS_DIR;
		};
		DACA94D210D62C7B0084678C /* libddcli.a */ = {
			isa = PBXReferenceProxy;
			fileType = archive.ar;
			path = libddcli.a;
			remoteRef = DACA94D110D62C7B0084678C /* PBXContainerItemProxy */;
			sourceTree = BUILT_PRODUCTS_DIR;
		};
/* End PBXReferenceProxy section */

/* Begin PBXSourcesBuildPhase section */
		8DD76F990486AA7600D96B5E /* Sources */ = {
			isa = PBXSourcesBuildPhase;
			buildActionMask = 2147483647;
			files = (
				8DD76F9A0486AA7600D96B5E /* main.m in Sources */,
				DACA94FD10D62D530084678C /* PDFRasterize.m in Sources */,
			);
			runOnlyForDeploymentPostprocessing = 0;
		};
/* End PBXSourcesBuildPhase section */

/* Begin PBXTargetDependency section */
		DACA94D410D62C8D0084678C /* PBXTargetDependency */ = {
			isa = PBXTargetDependency;
			name = ddcli;
			targetProxy = DACA94D310D62C8D0084678C /* PBXContainerItemProxy */;
		};
/* End PBXTargetDependency section */

/* Begin XCBuildConfiguration section */
		1DEB927508733DD40010E9CD /* Debug */ = {
			isa = XCBuildConfiguration;
			buildSettings = {
				ALWAYS_SEARCH_USER_PATHS = NO;
				COPY_PHASE_STRIP = NO;
				GCC_DYNAMIC_NO_PIC = NO;
				GCC_ENABLE_FIX_AND_CONTINUE = YES;
				GCC_MODEL_TUNING = G5;
				GCC_OPTIMIZATION_LEVEL = 0;
				GCC_PRECOMPILE_PREFIX_HEADER = YES;
				GCC_PREFIX_HEADER = pdfrasterize_Prefix.pch;
				HEADER_SEARCH_PATHS = "ddcli-1.0/lib";
				INSTALL_PATH = /usr/local/bin;
				PRODUCT_NAME = pdfrasterize;
			};
			name = Debug;
		};
		1DEB927608733DD40010E9CD /* Release */ = {
			isa = XCBuildConfiguration;
			buildSettings = {
				ALWAYS_SEARCH_USER_PATHS = NO;
				DEBUG_INFORMATION_FORMAT = "dwarf-with-dsym";
				GCC_MODEL_TUNING = G5;
				GCC_PRECOMPILE_PREFIX_HEADER = YES;
				GCC_PREFIX_HEADER = pdfrasterize_Prefix.pch;
				HEADER_SEARCH_PATHS = "ddcli-1.0/lib";
				INSTALL_PATH = /usr/local/bin;
				PRODUCT_NAME = pdfrasterize;
			};
			name = Release;
		};
		1DEB927908733DD40010E9CD /* Debug */ = {
			isa = XCBuildConfiguration;
			buildSettings = {
				ARCHS = "$(ARCHS_STANDARD_32_BIT)";
				GCC_C_LANGUAGE_STANDARD = c99;
				GCC_OPTIMIZATION_LEVEL = 0;
				GCC_WARN_ABOUT_RETURN_TYPE = YES;
				GCC_WARN_UNUSED_VARIABLE = YES;
				ONLY_ACTIVE_ARCH = YES;
				PREBINDING = NO;
				SDKROOT = macosx10.4;
			};
			name = Debug;
		};
		1DEB927A08733DD40010E9CD /* Release */ = {
			isa = XCBuildConfiguration;
			buildSettings = {
				ARCHS = "$(ARCHS_STANDARD_32_BIT)";
				GCC_C_LANGUAGE_STANDARD = c99;
				GCC_WARN_ABOUT_RETURN_TYPE = YES;
				GCC_WARN_UNUSED_VARIABLE = YES;
				PREBINDING = NO;
				SDKROOT = macosx10.4;
			};
			name = Release;
		};
/* End XCBuildConfiguration section */

/* Begin XCConfigurationList section */
		1DEB927408733DD40010E9CD /* Build configuration list for PBXNativeTarget "pdfrasterize" */ = {
			isa = XCConfigurationList;
			buildConfigurations = (
				1DEB927508733DD40010E9CD /* Debug */,
				1DEB927608733DD40010E9CD /* Release */,
			);
			defaultConfigurationIsVisible = 0;
			defaultConfigurationName = Release;
		};
		1DEB927808733DD40010E9CD /* Build configuration list for PBXProject "pdfrasterize" */ = {
			isa = XCConfigurationList;
			buildConfigurations = (
				1DEB927908733DD40010E9CD /* Debug */,
				1DEB927A08733DD40010E9CD /* Release */,
			);
			defaultConfigurationIsVisible = 0;
			defaultConfigurationName = Release;
		};
/* End XCConfigurationList section */
	};
	rootObject = 08FB7793FE84155DC02AAC07 /* Project object */;
}
